
Microsoft Visual Studio Solution File, Format Version 12.00
# Visual Studio Version 17
VisualStudioVersion = 17.0.31903.59
MinimumVisualStudioVersion = 10.0.40219.1
Project("{2150E333-8FDC-42A3-9474-1A3956D46DE8}") = "Services", "Services", "{61359FE6-84D1-4CE5-A484-C91132468977}"
EndProject
Project("{2150E333-8FDC-42A3-9474-1A3956D46DE8}") = "Catalog", "Catalog", "{C886717E-871C-41E4-B2C4-7B5EACEDD0ED}"
EndProject
Project("{FAE04EC0-301F-11D3-BF4B-00C04F79EFBC}") = "CoffeeStation.Catalog", "Services\Catalog\CoffeeStation.Catalog\CoffeeStation.Catalog.csproj", "{D92D1B40-D1CF-479F-9540-ECD18B93A34A}"
EndProject
Project("{2150E333-8FDC-42A3-9474-1A3956D46DE8}") = "Discount", "Discount", "{0F969AC9-2CD4-47F3-B0EA-0A1C3AC9CC8B}"
EndProject
Project("{FAE04EC0-301F-11D3-BF4B-00C04F79EFBC}") = "CoffeeStation.Discount", "Services\Discount\CoffeeStation.Discount\CoffeeStation.Discount.csproj", "{8C2F4842-0C86-4BA1-927E-EB56FF961151}"
EndProject
Project("{2150E333-8FDC-42A3-9474-1A3956D46DE8}") = "Order", "Order", "{B66A1B5F-639E-4D8E-AFB4-A786DE032FC0}"
EndProject
Project("{2150E333-8FDC-42A3-9474-1A3956D46DE8}") = "Core", "Core", "{3A151931-4942-41BB-A37E-70E5BC6BF130}"
EndProject
Project("{FAE04EC0-301F-11D3-BF4B-00C04F79EFBC}") = "CoffeeStation.Order.Application", "Services\Order\Core\CoffeeStation.Order.Application\CoffeeStation.Order.Application.csproj", "{EFA55491-0448-41C6-914C-BCA2F0A6E99C}"
EndProject
Project("{FAE04EC0-301F-11D3-BF4B-00C04F79EFBC}") = "CoffeeStation.Order.Domain", "Services\Order\Core\CoffeeStation.Order.Domain\CoffeeStation.Order.Domain.csproj", "{B45877AF-629E-459D-BBB9-878F1B40E57F}"
EndProject
Project("{2150E333-8FDC-42A3-9474-1A3956D46DE8}") = "Infrastructure", "Infrastructure", "{FED0EBD4-078C-4933-BA3C-8E0DF33CBDCD}"
EndProject
Project("{FAE04EC0-301F-11D3-BF4B-00C04F79EFBC}") = "CoffeeStation.Order.Persistence", "Services\Order\Infrastructure\CoffeeStation.Order.Persistence\CoffeeStation.Order.Persistence.csproj", "{C938DF88-9A00-4CB9-B66F-F141B053BD6A}"
EndProject
Project("{2150E333-8FDC-42A3-9474-1A3956D46DE8}") = "Presentation", "Presentation", "{CEAC33AA-1A03-4307-BDDF-DA4962608699}"
EndProject
Project("{FAE04EC0-301F-11D3-BF4B-00C04F79EFBC}") = "CoffeeStation.Order.WebApi", "Services\Order\Presentation\CoffeeStation.Order.WebApi\CoffeeStation.Order.WebApi.csproj", "{8CBB916C-B2B5-4882-A71D-722EB6F1434C}"
EndProject
Project("{2150E333-8FDC-42A3-9474-1A3956D46DE8}") = "IdentityServer", "IdentityServer", "{EE766D8B-9C29-4CB9-BF82-F9BB70D9B975}"
	ProjectSection(SolutionItems) = preProject
	EndProjectSection
EndProject
Project("{FAE04EC0-301F-11D3-BF4B-00C04F79EFBC}") = "CoffeeStation.IdentityServer", "IdentityServer\CoffeeStation.IdentityServer\CoffeeStation.IdentityServer.csproj", "{23665F18-7A22-4883-A572-1DBFB3E9D071}"
EndProject
Project("{2150E333-8FDC-42A3-9474-1A3956D46DE8}") = "Basket", "Basket", "{BCD141A7-BE53-4C92-8E8A-B71BD5C73774}"
EndProject
Project("{FAE04EC0-301F-11D3-BF4B-00C04F79EFBC}") = "CoffeeStation.Basket", "Services\Basket\CoffeeStation.Basket\CoffeeStation.Basket.csproj", "{E284BB4A-7FF1-400A-9BC4-15859288E4A5}"
EndProject
Project("{2150E333-8FDC-42A3-9474-1A3956D46DE8}") = "ApiGateway", "ApiGateway", "{DC84E55A-32FA-46FC-A854-FF1C55BF2B8C}"
EndProject
Project("{FAE04EC0-301F-11D3-BF4B-00C04F79EFBC}") = "CoffeeStation.OcelotGateway", "ApiGateway\CoffeeStation.OcelotGateway\CoffeeStation.OcelotGateway.csproj", "{A718C9DF-3DF6-4A6D-94F5-D1BBDA154E99}"
EndProject
Project("{2150E333-8FDC-42A3-9474-1A3956D46DE8}") = "Payment", "Payment", "{CC23699A-5C53-4ACD-977C-9208A9010078}"
EndProject
Project("{FAE04EC0-301F-11D3-BF4B-00C04F79EFBC}") = "CoffeeStation.Payment", "Services\Payment\CoffeeStation.Payment\CoffeeStation.Payment.csproj", "{03077E5F-E189-49C5-B632-9422BD3CE33F}"
EndProject
Project("{2150E333-8FDC-42A3-9474-1A3956D46DE8}") = "Images", "Images", "{E381F009-1D5B-4968-B277-7ADB6C6A8EE4}"
EndProject
Project("{FAE04EC0-301F-11D3-BF4B-00C04F79EFBC}") = "CoffeeStation.Images", "Services\Images\CoffeeStation.Images\CoffeeStation.Images.csproj", "{E774A568-0A47-4B21-9F2D-DCCA51106C99}"
EndProject
Global
	GlobalSection(SolutionConfigurationPlatforms) = preSolution
		Debug|Any CPU = Debug|Any CPU
		Release|Any CPU = Release|Any CPU
	EndGlobalSection
	GlobalSection(SolutionProperties) = preSolution
		HideSolutionNode = FALSE
	EndGlobalSection
	GlobalSection(ProjectConfigurationPlatforms) = postSolution
		{D92D1B40-D1CF-479F-9540-ECD18B93A34A}.Debug|Any CPU.ActiveCfg = Debug|Any CPU
		{D92D1B40-D1CF-479F-9540-ECD18B93A34A}.Debug|Any CPU.Build.0 = Debug|Any CPU
		{D92D1B40-D1CF-479F-9540-ECD18B93A34A}.Release|Any CPU.ActiveCfg = Release|Any CPU
		{D92D1B40-D1CF-479F-9540-ECD18B93A34A}.Release|Any CPU.Build.0 = Release|Any CPU
		{8C2F4842-0C86-4BA1-927E-EB56FF961151}.Debug|Any CPU.ActiveCfg = Debug|Any CPU
		{8C2F4842-0C86-4BA1-927E-EB56FF961151}.Debug|Any CPU.Build.0 = Debug|Any CPU
		{8C2F4842-0C86-4BA1-927E-EB56FF961151}.Release|Any CPU.ActiveCfg = Release|Any CPU
		{8C2F4842-0C86-4BA1-927E-EB56FF961151}.Release|Any CPU.Build.0 = Release|Any CPU
		{EFA55491-0448-41C6-914C-BCA2F0A6E99C}.Debug|Any CPU.ActiveCfg = Debug|Any CPU
		{EFA55491-0448-41C6-914C-BCA2F0A6E99C}.Debug|Any CPU.Build.0 = Debug|Any CPU
		{EFA55491-0448-41C6-914C-BCA2F0A6E99C}.Release|Any CPU.ActiveCfg = Release|Any CPU
		{EFA55491-0448-41C6-914C-BCA2F0A6E99C}.Release|Any CPU.Build.0 = Release|Any CPU
		{B45877AF-629E-459D-BBB9-878F1B40E57F}.Debug|Any CPU.ActiveCfg = Debug|Any CPU
		{B45877AF-629E-459D-BBB9-878F1B40E57F}.Debug|Any CPU.Build.0 = Debug|Any CPU
		{B45877AF-629E-459D-BBB9-878F1B40E57F}.Release|Any CPU.ActiveCfg = Release|Any CPU
		{B45877AF-629E-459D-BBB9-878F1B40E57F}.Release|Any CPU.Build.0 = Release|Any CPU
		{C938DF88-9A00-4CB9-B66F-F141B053BD6A}.Debug|Any CPU.ActiveCfg = Debug|Any CPU
		{C938DF88-9A00-4CB9-B66F-F141B053BD6A}.Debug|Any CPU.Build.0 = Debug|Any CPU
		{C938DF88-9A00-4CB9-B66F-F141B053BD6A}.Release|Any CPU.ActiveCfg = Release|Any CPU
		{C938DF88-9A00-4CB9-B66F-F141B053BD6A}.Release|Any CPU.Build.0 = Release|Any CPU
		{8CBB916C-B2B5-4882-A71D-722EB6F1434C}.Debug|Any CPU.ActiveCfg = Debug|Any CPU
		{8CBB916C-B2B5-4882-A71D-722EB6F1434C}.Debug|Any CPU.Build.0 = Debug|Any CPU
		{8CBB916C-B2B5-4882-A71D-722EB6F1434C}.Release|Any CPU.ActiveCfg = Release|Any CPU
		{8CBB916C-B2B5-4882-A71D-722EB6F1434C}.Release|Any CPU.Build.0 = Release|Any CPU
		{23665F18-7A22-4883-A572-1DBFB3E9D071}.Debug|Any CPU.ActiveCfg = Debug|Any CPU
		{23665F18-7A22-4883-A572-1DBFB3E9D071}.Debug|Any CPU.Build.0 = Debug|Any CPU
		{23665F18-7A22-4883-A572-1DBFB3E9D071}.Release|Any CPU.ActiveCfg = Release|Any CPU
		{23665F18-7A22-4883-A572-1DBFB3E9D071}.Release|Any CPU.Build.0 = Release|Any CPU
		{E284BB4A-7FF1-400A-9BC4-15859288E4A5}.Debug|Any CPU.ActiveCfg = Debug|Any CPU
		{E284BB4A-7FF1-400A-9BC4-15859288E4A5}.Debug|Any CPU.Build.0 = Debug|Any CPU
		{E284BB4A-7FF1-400A-9BC4-15859288E4A5}.Release|Any CPU.ActiveCfg = Release|Any CPU
		{E284BB4A-7FF1-400A-9BC4-15859288E4A5}.Release|Any CPU.Build.0 = Release|Any CPU
		{A718C9DF-3DF6-4A6D-94F5-D1BBDA154E99}.Debug|Any CPU.ActiveCfg = Debug|Any CPU
		{A718C9DF-3DF6-4A6D-94F5-D1BBDA154E99}.Debug|Any CPU.Build.0 = Debug|Any CPU
		{A718C9DF-3DF6-4A6D-94F5-D1BBDA154E99}.Release|Any CPU.ActiveCfg = Release|Any CPU
		{A718C9DF-3DF6-4A6D-94F5-D1BBDA154E99}.Release|Any CPU.Build.0 = Release|Any CPU
		{03077E5F-E189-49C5-B632-9422BD3CE33F}.Debug|Any CPU.ActiveCfg = Debug|Any CPU
		{03077E5F-E189-49C5-B632-9422BD3CE33F}.Debug|Any CPU.Build.0 = Debug|Any CPU
		{03077E5F-E189-49C5-B632-9422BD3CE33F}.Release|Any CPU.ActiveCfg = Release|Any CPU
		{03077E5F-E189-49C5-B632-9422BD3CE33F}.Release|Any CPU.Build.0 = Release|Any CPU
		{E774A568-0A47-4B21-9F2D-DCCA51106C99}.Debug|Any CPU.ActiveCfg = Debug|Any CPU
		{E774A568-0A47-4B21-9F2D-DCCA51106C99}.Debug|Any CPU.Build.0 = Debug|Any CPU
		{E774A568-0A47-4B21-9F2D-DCCA51106C99}.Release|Any CPU.ActiveCfg = Release|Any CPU
		{E774A568-0A47-4B21-9F2D-DCCA51106C99}.Release|Any CPU.Build.0 = Release|Any CPU
	EndGlobalSection
	GlobalSection(NestedProjects) = preSolution
		{C886717E-871C-41E4-B2C4-7B5EACEDD0ED} = {61359FE6-84D1-4CE5-A484-C91132468977}
		{D92D1B40-D1CF-479F-9540-ECD18B93A34A} = {C886717E-871C-41E4-B2C4-7B5EACEDD0ED}
		{0F969AC9-2CD4-47F3-B0EA-0A1C3AC9CC8B} = {61359FE6-84D1-4CE5-A484-C91132468977}
		{8C2F4842-0C86-4BA1-927E-EB56FF961151} = {0F969AC9-2CD4-47F3-B0EA-0A1C3AC9CC8B}
		{B66A1B5F-639E-4D8E-AFB4-A786DE032FC0} = {61359FE6-84D1-4CE5-A484-C91132468977}
		{3A151931-4942-41BB-A37E-70E5BC6BF130} = {B66A1B5F-639E-4D8E-AFB4-A786DE032FC0}
		{EFA55491-0448-41C6-914C-BCA2F0A6E99C} = {3A151931-4942-41BB-A37E-70E5BC6BF130}
		{B45877AF-629E-459D-BBB9-878F1B40E57F} = {3A151931-4942-41BB-A37E-70E5BC6BF130}
		{FED0EBD4-078C-4933-BA3C-8E0DF33CBDCD} = {B66A1B5F-639E-4D8E-AFB4-A786DE032FC0}
		{C938DF88-9A00-4CB9-B66F-F141B053BD6A} = {FED0EBD4-078C-4933-BA3C-8E0DF33CBDCD}
		{CEAC33AA-1A03-4307-BDDF-DA4962608699} = {B66A1B5F-639E-4D8E-AFB4-A786DE032FC0}
		{8CBB916C-B2B5-4882-A71D-722EB6F1434C} = {CEAC33AA-1A03-4307-BDDF-DA4962608699}
		{23665F18-7A22-4883-A572-1DBFB3E9D071} = {EE766D8B-9C29-4CB9-BF82-F9BB70D9B975}
		{BCD141A7-BE53-4C92-8E8A-B71BD5C73774} = {61359FE6-84D1-4CE5-A484-C91132468977}
		{E284BB4A-7FF1-400A-9BC4-15859288E4A5} = {BCD141A7-BE53-4C92-8E8A-B71BD5C73774}
		{A718C9DF-3DF6-4A6D-94F5-D1BBDA154E99} = {DC84E55A-32FA-46FC-A854-FF1C55BF2B8C}
		{CC23699A-5C53-4ACD-977C-9208A9010078} = {61359FE6-84D1-4CE5-A484-C91132468977}
		{03077E5F-E189-49C5-B632-9422BD3CE33F} = {CC23699A-5C53-4ACD-977C-9208A9010078}
		{E381F009-1D5B-4968-B277-7ADB6C6A8EE4} = {61359FE6-84D1-4CE5-A484-C91132468977}
		{E774A568-0A47-4B21-9F2D-DCCA51106C99} = {E381F009-1D5B-4968-B277-7ADB6C6A8EE4}
	EndGlobalSection
EndGlobal
